
Microsoft Visual Studio Solution File, Format Version 12.00
# Visual Studio Version 16
VisualStudioVersion = 16.0.31129.286
MinimumVisualStudioVersion = 10.0.40219.1
Project("{FAE04EC0-301F-11D3-BF4B-00C04F79EFBC}") = "CustomSpeech", "CustomSpeech.csproj", "{B0EF027B-C524-4E38-948D-F07397E10E39}"
EndProject
Global
	GlobalSection(SolutionConfigurationPlatforms) = preSolution
		Debug|Any CPU = Debug|Any CPU
		Release|Any CPU = Release|Any CPU
	EndGlobalSection
	GlobalSection(ProjectConfigurationPlatforms) = postSolution
		{B0EF027B-C524-4E38-948D-F07397E10E39}.Debug|Any CPU.ActiveCfg = Debug|Any CPU
		{B0EF027B-C524-4E38-948D-F07397E10E39}.Debug|Any CPU.Build.0 = Debug|Any CPU
		{B0EF027B-C524-4E38-948D-F07397E10E39}.Release|Any CPU.ActiveCfg = Release|Any CPU
		{B0EF027B-C524-4E38-948D-F07397E10E39}.Release|Any CPU.Build.0 = Release|Any CPU
	EndGlobalSection
	GlobalSection(SolutionProperties) = preSolution
		HideSolutionNode = FALSE
	EndGlobalSection
	GlobalSection(ExtensibilityGlobals) = postSolution
		SolutionGuid = {574F770C-4ED4-4306-AAA4-DB44C569BE0B}
	EndGlobalSection
EndGlobal
